
Microsoft Visual Studio Solution File, Format Version 12.00
# Visual Studio 15
VisualStudioVersion = 15.0.27130.2027
MinimumVisualStudioVersion = 10.0.40219.1
Project("{FAE04EC0-301F-11D3-BF4B-00C04F79EFBC}") = "ArrayStack", "ArrayStack\ArrayStack.csproj", "{C7CD3BDE-153A-4801-8B5C-EB7FF3D01BC7}"
EndProject
Project("{FAE04EC0-301F-11D3-BF4B-00C04F79EFBC}") = "LinkedListStack", "LinkedListStack\LinkedListStack.csproj", "{4B991C1E-1EB8-4027-9A84-D1D2B6EA50F3}"
EndProject
Global
	GlobalSection(SolutionConfigurationPlatforms) = preSolution
		Debug|Any CPU = Debug|Any CPU
		Release|Any CPU = Release|Any CPU
	EndGlobalSection
	GlobalSection(ProjectConfigurationPlatforms) = postSolution
		{C7CD3BDE-153A-4801-8B5C-EB7FF3D01BC7}.Debug|Any CPU.ActiveCfg = Debug|Any CPU
		{C7CD3BDE-153A-4801-8B5C-EB7FF3D01BC7}.Debug|Any CPU.Build.0 = Debug|Any CPU
		{C7CD3BDE-153A-4801-8B5C-EB7FF3D01BC7}.Release|Any CPU.ActiveCfg = Release|Any CPU
		{C7CD3BDE-153A-4801-8B5C-EB7FF3D01BC7}.Release|Any CPU.Build.0 = Release|Any CPU
		{4B991C1E-1EB8-4027-9A84-D1D2B6EA50F3}.Debug|Any CPU.ActiveCfg = Debug|Any CPU
		{4B991C1E-1EB8-4027-9A84-D1D2B6EA50F3}.Debug|Any CPU.Build.0 = Debug|Any CPU
		{4B991C1E-1EB8-4027-9A84-D1D2B6EA50F3}.Release|Any CPU.ActiveCfg = Release|Any CPU
		{4B991C1E-1EB8-4027-9A84-D1D2B6EA50F3}.Release|Any CPU.Build.0 = Release|Any CPU
	EndGlobalSection
	GlobalSection(SolutionProperties) = preSolution
		HideSolutionNode = FALSE
	EndGlobalSection
	GlobalSection(ExtensibilityGlobals) = postSolution
		SolutionGuid = {FE908060-6A55-4630-99F0-BDB49B0F5066}
	EndGlobalSection
EndGlobal
